// !$*UTF8*$!
{
	archiveVersion = 1;
	classes = {
	};
	objectVersion = 55;
	objects = {

/* Begin PBXBuildFile section */
		0F80607F28557B4B00DA10CC /* NetflixCloneApp.swift in Sources */ = {isa = PBXBuildFile; fileRef = 0F80606F28557B4A00DA10CC /* NetflixCloneApp.swift */; };
		0F80608028557B4B00DA10CC /* NetflixCloneApp.swift in Sources */ = {isa = PBXBuildFile; fileRef = 0F80606F28557B4A00DA10CC /* NetflixCloneApp.swift */; };
		0F80608128557B4B00DA10CC /* ContentView.swift in Sources */ = {isa = PBXBuildFile; fileRef = 0F80607028557B4A00DA10CC /* ContentView.swift */; };
		0F80608228557B4B00DA10CC /* ContentView.swift in Sources */ = {isa = PBXBuildFile; fileRef = 0F80607028557B4A00DA10CC /* ContentView.swift */; };
		0F80608328557B4B00DA10CC /* Assets.xcassets in Resources */ = {isa = PBXBuildFile; fileRef = 0F80607128557B4B00DA10CC /* Assets.xcassets */; };
		0F80608428557B4B00DA10CC /* Assets.xcassets in Resources */ = {isa = PBXBuildFile; fileRef = 0F80607128557B4B00DA10CC /* Assets.xcassets */; };
		0F8060C728557C4900DA10CC /* TopMoviePreview.swift in Sources */ = {isa = PBXBuildFile; fileRef = 0F8060B728557C4900DA10CC /* TopMoviePreview.swift */; };
		0F8060C828557C4900DA10CC /* TopMoviePreview.swift in Sources */ = {isa = PBXBuildFile; fileRef = 0F8060B728557C4900DA10CC /* TopMoviePreview.swift */; };
		0F8060C928557C4900DA10CC /* PlayButton.swift in Sources */ = {isa = PBXBuildFile; fileRef = 0F8060B828557C4900DA10CC /* PlayButton.swift */; };
		0F8060CA28557C4900DA10CC /* PlayButton.swift in Sources */ = {isa = PBXBuildFile; fileRef = 0F8060B828557C4900DA10CC /* PlayButton.swift */; };
		0F8060CB28557C4900DA10CC /* StandardHomeMovie.swift in Sources */ = {isa = PBXBuildFile; fileRef = 0F8060B928557C4900DA10CC /* StandardHomeMovie.swift */; };
		0F8060CC28557C4900DA10CC /* StandardHomeMovie.swift in Sources */ = {isa = PBXBuildFile; fileRef = 0F8060B928557C4900DA10CC /* StandardHomeMovie.swift */; };
		0F8060CD28557C4900DA10CC /* SmallVerticalButton.swift in Sources */ = {isa = PBXBuildFile; fileRef = 0F8060BA28557C4900DA10CC /* SmallVerticalButton.swift */; };
		0F8060CE28557C4900DA10CC /* SmallVerticalButton.swift in Sources */ = {isa = PBXBuildFile; fileRef = 0F8060BA28557C4900DA10CC /* SmallVerticalButton.swift */; };
		0F8060CF28557C4900DA10CC /* Movie.swift in Sources */ = {isa = PBXBuildFile; fileRef = 0F8060BC28557C4900DA10CC /* Movie.swift */; };
		0F8060D028557C4900DA10CC /* Movie.swift in Sources */ = {isa = PBXBuildFile; fileRef = 0F8060BC28557C4900DA10CC /* Movie.swift */; };
		0F8060D128557C4900DA10CC /* Episode.swift in Sources */ = {isa = PBXBuildFile; fileRef = 0F8060BD28557C4900DA10CC /* Episode.swift */; };
		0F8060D228557C4900DA10CC /* Episode.swift in Sources */ = {isa = PBXBuildFile; fileRef = 0F8060BD28557C4900DA10CC /* Episode.swift */; };
		0F8060D328557C4900DA10CC /* MoreLikeThis.swift in Sources */ = {isa = PBXBuildFile; fileRef = 0F8060BF28557C4900DA10CC /* MoreLikeThis.swift */; };
		0F8060D428557C4900DA10CC /* MoreLikeThis.swift in Sources */ = {isa = PBXBuildFile; fileRef = 0F8060BF28557C4900DA10CC /* MoreLikeThis.swift */; };
		0F8060D528557C4900DA10CC /* MovieDetail.swift in Sources */ = {isa = PBXBuildFile; fileRef = 0F8060C028557C4900DA10CC /* MovieDetail.swift */; };
		0F8060D628557C4900DA10CC /* MovieDetail.swift in Sources */ = {isa = PBXBuildFile; fileRef = 0F8060C028557C4900DA10CC /* MovieDetail.swift */; };
		0F8060D728557C4900DA10CC /* CustomTabSwitcher.swift in Sources */ = {isa = PBXBuildFile; fileRef = 0F8060C128557C4900DA10CC /* CustomTabSwitcher.swift */; };
		0F8060D828557C4900DA10CC /* CustomTabSwitcher.swift in Sources */ = {isa = PBXBuildFile; fileRef = 0F8060C128557C4900DA10CC /* CustomTabSwitcher.swift */; };
		0F8060D928557C4900DA10CC /* HomeVM.swift in Sources */ = {isa = PBXBuildFile; fileRef = 0F8060C328557C4900DA10CC /* HomeVM.swift */; };
		0F8060DA28557C4900DA10CC /* HomeVM.swift in Sources */ = {isa = PBXBuildFile; fileRef = 0F8060C328557C4900DA10CC /* HomeVM.swift */; };
		0F8060DB28557C4900DA10CC /* HomeView.swift in Sources */ = {isa = PBXBuildFile; fileRef = 0F8060C428557C4900DA10CC /* HomeView.swift */; };
		0F8060DC28557C4900DA10CC /* HomeView.swift in Sources */ = {isa = PBXBuildFile; fileRef = 0F8060C428557C4900DA10CC /* HomeView.swift */; };
		0F8060DD28557C4900DA10CC /* GlobalHelpers.swift in Sources */ = {isa = PBXBuildFile; fileRef = 0F8060C628557C4900DA10CC /* GlobalHelpers.swift */; };
		0F8060DE28557C4900DA10CC /* GlobalHelpers.swift in Sources */ = {isa = PBXBuildFile; fileRef = 0F8060C628557C4900DA10CC /* GlobalHelpers.swift */; };
		0F8060E128557CD400DA10CC /* Kingfisher in Frameworks */ = {isa = PBXBuildFile; productRef = 0F8060E028557CD400DA10CC /* Kingfisher */; };
		0F8060E328557E9300DA10CC /* Trailer.swift in Sources */ = {isa = PBXBuildFile; fileRef = 0F8060E228557E9300DA10CC /* Trailer.swift */; };
		0F8060E428557E9300DA10CC /* Trailer.swift in Sources */ = {isa = PBXBuildFile; fileRef = 0F8060E228557E9300DA10CC /* Trailer.swift */; };
		0F8060E628557EDB00DA10CC /* SwiftUIVideoView.swift in Sources */ = {isa = PBXBuildFile; fileRef = 0F8060E528557EDB00DA10CC /* SwiftUIVideoView.swift */; };
		0F8060E728557EDB00DA10CC /* SwiftUIVideoView.swift in Sources */ = {isa = PBXBuildFile; fileRef = 0F8060E528557EDB00DA10CC /* SwiftUIVideoView.swift */; };
		0F8060EA2855823A00DA10CC /* VideoPreviewImage.swift in Sources */ = {isa = PBXBuildFile; fileRef = 0F8060E92855823A00DA10CC /* VideoPreviewImage.swift */; };
		0F8060EB2855823A00DA10CC /* VideoPreviewImage.swift in Sources */ = {isa = PBXBuildFile; fileRef = 0F8060E92855823A00DA10CC /* VideoPreviewImage.swift */; };
		0F8060ED285583EA00DA10CC /* TrailerList.swift in Sources */ = {isa = PBXBuildFile; fileRef = 0F8060EC285583EA00DA10CC /* TrailerList.swift */; };
		0F8060EE285583EA00DA10CC /* TrailerList.swift in Sources */ = {isa = PBXBuildFile; fileRef = 0F8060EC285583EA00DA10CC /* TrailerList.swift */; };
		0F8060F02855892D00DA10CC /* EpisodesView.swift in Sources */ = {isa = PBXBuildFile; fileRef = 0F8060EF2855892D00DA10CC /* EpisodesView.swift */; };
		0F8060F12855892D00DA10CC /* EpisodesView.swift in Sources */ = {isa = PBXBuildFile; fileRef = 0F8060EF2855892D00DA10CC /* EpisodesView.swift */; };
		0FA4598F28563853009B03C8 /* HomeStack.swift in Sources */ = {isa = PBXBuildFile; fileRef = 0FA4598E28563853009B03C8 /* HomeStack.swift */; };
		0FA4599028563853009B03C8 /* HomeStack.swift in Sources */ = {isa = PBXBuildFile; fileRef = 0FA4598E28563853009B03C8 /* HomeStack.swift */; };
		0FA4599228564490009B03C8 /* SearchBar.swift in Sources */ = {isa = PBXBuildFile; fileRef = 0FA4599128564490009B03C8 /* SearchBar.swift */; };
		0FA4599328564490009B03C8 /* SearchBar.swift in Sources */ = {isa = PBXBuildFile; fileRef = 0FA4599128564490009B03C8 /* SearchBar.swift */; };
		0FA45996285645E7009B03C8 /* Colors.swift in Sources */ = {isa = PBXBuildFile; fileRef = 0FA45995285645E7009B03C8 /* Colors.swift */; };
		0FA45997285645E7009B03C8 /* Colors.swift in Sources */ = {isa = PBXBuildFile; fileRef = 0FA45995285645E7009B03C8 /* Colors.swift */; };
		0FA4599928564985009B03C8 /* ActivityIndicator.swift in Sources */ = {isa = PBXBuildFile; fileRef = 0FA4599828564985009B03C8 /* ActivityIndicator.swift */; };
		0FA4599A28564985009B03C8 /* ActivityIndicator.swift in Sources */ = {isa = PBXBuildFile; fileRef = 0FA4599828564985009B03C8 /* ActivityIndicator.swift */; };
		0FA4599C28565BE4009B03C8 /* SearchView.swift in Sources */ = {isa = PBXBuildFile; fileRef = 0FA4599B28565BE3009B03C8 /* SearchView.swift */; };
		0FA4599D28565BE4009B03C8 /* SearchView.swift in Sources */ = {isa = PBXBuildFile; fileRef = 0FA4599B28565BE3009B03C8 /* SearchView.swift */; };
		0FA4599F28565C18009B03C8 /* SearchVM.swift in Sources */ = {isa = PBXBuildFile; fileRef = 0FA4599E28565C18009B03C8 /* SearchVM.swift */; };
		0FA459A028565C18009B03C8 /* SearchVM.swift in Sources */ = {isa = PBXBuildFile; fileRef = 0FA4599E28565C18009B03C8 /* SearchVM.swift */; };
		0FA459A228565E99009B03C8 /* GenerateMovies.swift in Sources */ = {isa = PBXBuildFile; fileRef = 0FA459A128565E99009B03C8 /* GenerateMovies.swift */; };
		0FA459A328565E99009B03C8 /* GenerateMovies.swift in Sources */ = {isa = PBXBuildFile; fileRef = 0FA459A128565E99009B03C8 /* GenerateMovies.swift */; };
		0FA459A5285663B0009B03C8 /* PopularMovieView.swift in Sources */ = {isa = PBXBuildFile; fileRef = 0FA459A4285663B0009B03C8 /* PopularMovieView.swift */; };
		0FA459A6285663B0009B03C8 /* PopularMovieView.swift in Sources */ = {isa = PBXBuildFile; fileRef = 0FA459A4285663B0009B03C8 /* PopularMovieView.swift */; };
		0FA459A828566867009B03C8 /* SearchResultsGrid.swift in Sources */ = {isa = PBXBuildFile; fileRef = 0FA459A728566867009B03C8 /* SearchResultsGrid.swift */; };
		0FA459A928566868009B03C8 /* SearchResultsGrid.swift in Sources */ = {isa = PBXBuildFile; fileRef = 0FA459A728566867009B03C8 /* SearchResultsGrid.swift */; };
		0FDDC82828566CB2003BBF06 /* ComingSoon.swift in Sources */ = {isa = PBXBuildFile; fileRef = 0FDDC82728566CB2003BBF06 /* ComingSoon.swift */; };
		0FDDC82928566CB2003BBF06 /* ComingSoon.swift in Sources */ = {isa = PBXBuildFile; fileRef = 0FDDC82728566CB2003BBF06 /* ComingSoon.swift */; };
		0FDDC82C28566CFE003BBF06 /* NotificationBar.swift in Sources */ = {isa = PBXBuildFile; fileRef = 0FDDC82B28566CFE003BBF06 /* NotificationBar.swift */; };
		0FDDC82D28566CFE003BBF06 /* NotificationBar.swift in Sources */ = {isa = PBXBuildFile; fileRef = 0FDDC82B28566CFE003BBF06 /* NotificationBar.swift */; };
		0FDDC82F28566FD3003BBF06 /* ComingSoonRow.swift in Sources */ = {isa = PBXBuildFile; fileRef = 0FDDC82E28566FD3003BBF06 /* ComingSoonRow.swift */; };
		0FDDC83028566FD3003BBF06 /* ComingSoonRow.swift in Sources */ = {isa = PBXBuildFile; fileRef = 0FDDC82E28566FD3003BBF06 /* ComingSoonRow.swift */; };
		0FDDC832285672C1003BBF06 /* ComingSoonVM.swift in Sources */ = {isa = PBXBuildFile; fileRef = 0FDDC831285672C1003BBF06 /* ComingSoonVM.swift */; };
		0FDDC833285672C1003BBF06 /* ComingSoonVM.swift in Sources */ = {isa = PBXBuildFile; fileRef = 0FDDC831285672C1003BBF06 /* ComingSoonVM.swift */; };
		0FDDC83528567392003BBF06 /* TrackableScrollView.swift in Sources */ = {isa = PBXBuildFile; fileRef = 0FDDC83428567392003BBF06 /* TrackableScrollView.swift */; };
		0FDDC83628567392003BBF06 /* TrackableScrollView.swift in Sources */ = {isa = PBXBuildFile; fileRef = 0FDDC83428567392003BBF06 /* TrackableScrollView.swift */; };
		0FDDC838285678DF003BBF06 /* DownloadsView.swift in Sources */ = {isa = PBXBuildFile; fileRef = 0FDDC837285678DF003BBF06 /* DownloadsView.swift */; };
		0FDDC839285678DF003BBF06 /* DownloadsView.swift in Sources */ = {isa = PBXBuildFile; fileRef = 0FDDC837285678DF003BBF06 /* DownloadsView.swift */; };
		0FDDC83C28568047003BBF06 /* MoviePreviewCell.swift in Sources */ = {isa = PBXBuildFile; fileRef = 0FDDC83B28568047003BBF06 /* MoviePreviewCell.swift */; };
		0FDDC83D28568047003BBF06 /* MoviePreviewCell.swift in Sources */ = {isa = PBXBuildFile; fileRef = 0FDDC83B28568047003BBF06 /* MoviePreviewCell.swift */; };
		0FDDC8402856C7A2003BBF06 /* MoviePreviewRow.swift in Sources */ = {isa = PBXBuildFile; fileRef = 0FDDC83F2856C7A2003BBF06 /* MoviePreviewRow.swift */; };
		0FDDC8412856C7A2003BBF06 /* MoviePreviewRow.swift in Sources */ = {isa = PBXBuildFile; fileRef = 0FDDC83F2856C7A2003BBF06 /* MoviePreviewRow.swift */; };
		0FDDC8432856CBD3003BBF06 /* PagerView.swift in Sources */ = {isa = PBXBuildFile; fileRef = 0FDDC8422856CBD3003BBF06 /* PagerView.swift */; };
		0FDDC8442856CBD3003BBF06 /* PagerView.swift in Sources */ = {isa = PBXBuildFile; fileRef = 0FDDC8422856CBD3003BBF06 /* PagerView.swift */; };
		0FDDC8472856D49A003BBF06 /* VideoPlayer in Frameworks */ = {isa = PBXBuildFile; productRef = 0FDDC8462856D49A003BBF06 /* VideoPlayer */; };
		0FDDC8492856D4B9003BBF06 /* TrailerPlayerView.swift in Sources */ = {isa = PBXBuildFile; fileRef = 0FDDC8482856D4B9003BBF06 /* TrailerPlayerView.swift */; };
		0FDDC84A2856D4B9003BBF06 /* TrailerPlayerView.swift in Sources */ = {isa = PBXBuildFile; fileRef = 0FDDC8482856D4B9003BBF06 /* TrailerPlayerView.swift */; };
		0FDDC84C2856D609003BBF06 /* PreviewView.swift in Sources */ = {isa = PBXBuildFile; fileRef = 0FDDC84B2856D609003BBF06 /* PreviewView.swift */; };
		0FDDC84D2856D609003BBF06 /* PreviewView.swift in Sources */ = {isa = PBXBuildFile; fileRef = 0FDDC84B2856D609003BBF06 /* PreviewView.swift */; };
		0FDDC84F2856D636003BBF06 /* PreviewVM.swift in Sources */ = {isa = PBXBuildFile; fileRef = 0FDDC84E2856D636003BBF06 /* PreviewVM.swift */; };
		0FDDC8502856D636003BBF06 /* PreviewVM.swift in Sources */ = {isa = PBXBuildFile; fileRef = 0FDDC84E2856D636003BBF06 /* PreviewVM.swift */; };
/* End PBXBuildFile section */

/* Begin PBXFileReference section */
		0F80606F28557B4A00DA10CC /* NetflixCloneApp.swift */ = {isa = PBXFileReference; lastKnownFileType = sourcecode.swift; path = NetflixCloneApp.swift; sourceTree = "<group>"; };
		0F80607028557B4A00DA10CC /* ContentView.swift */ = {isa = PBXFileReference; lastKnownFileType = sourcecode.swift; path = ContentView.swift; sourceTree = "<group>"; };
		0F80607128557B4B00DA10CC /* Assets.xcassets */ = {isa = PBXFileReference; lastKnownFileType = folder.assetcatalog; path = Assets.xcassets; sourceTree = "<group>"; };
		0F80607628557B4B00DA10CC /* NetflixClone.app */ = {isa = PBXFileReference; explicitFileType = wrapper.application; includeInIndex = 0; path = NetflixClone.app; sourceTree = BUILT_PRODUCTS_DIR; };
		0F80607C28557B4B00DA10CC /* NetflixClone.app */ = {isa = PBXFileReference; explicitFileType = wrapper.application; includeInIndex = 0; path = NetflixClone.app; sourceTree = BUILT_PRODUCTS_DIR; };
		0F80607E28557B4B00DA10CC /* macOS.entitlements */ = {isa = PBXFileReference; lastKnownFileType = text.plist.entitlements; path = macOS.entitlements; sourceTree = "<group>"; };
		0F8060B728557C4900DA10CC /* TopMoviePreview.swift */ = {isa = PBXFileReference; fileEncoding = 4; lastKnownFileType = sourcecode.swift; path = TopMoviePreview.swift; sourceTree = "<group>"; };
		0F8060B828557C4900DA10CC /* PlayButton.swift */ = {isa = PBXFileReference; fileEncoding = 4; lastKnownFileType = sourcecode.swift; path = PlayButton.swift; sourceTree = "<group>"; };
		0F8060B928557C4900DA10CC /* StandardHomeMovie.swift */ = {isa = PBXFileReference; fileEncoding = 4; lastKnownFileType = sourcecode.swift; path = StandardHomeMovie.swift; sourceTree = "<group>"; };
		0F8060BA28557C4900DA10CC /* SmallVerticalButton.swift */ = {isa = PBXFileReference; fileEncoding = 4; lastKnownFileType = sourcecode.swift; path = SmallVerticalButton.swift; sourceTree = "<group>"; };
		0F8060BC28557C4900DA10CC /* Movie.swift */ = {isa = PBXFileReference; fileEncoding = 4; lastKnownFileType = sourcecode.swift; path = Movie.swift; sourceTree = "<group>"; };
		0F8060BD28557C4900DA10CC /* Episode.swift */ = {isa = PBXFileReference; fileEncoding = 4; lastKnownFileType = sourcecode.swift; path = Episode.swift; sourceTree = "<group>"; };
		0F8060BF28557C4900DA10CC /* MoreLikeThis.swift */ = {isa = PBXFileReference; fileEncoding = 4; lastKnownFileType = sourcecode.swift; path = MoreLikeThis.swift; sourceTree = "<group>"; };
		0F8060C028557C4900DA10CC /* MovieDetail.swift */ = {isa = PBXFileReference; fileEncoding = 4; lastKnownFileType = sourcecode.swift; path = MovieDetail.swift; sourceTree = "<group>"; };
		0F8060C128557C4900DA10CC /* CustomTabSwitcher.swift */ = {isa = PBXFileReference; fileEncoding = 4; lastKnownFileType = sourcecode.swift; path = CustomTabSwitcher.swift; sourceTree = "<group>"; };
		0F8060C328557C4900DA10CC /* HomeVM.swift */ = {isa = PBXFileReference; fileEncoding = 4; lastKnownFileType = sourcecode.swift; path = HomeVM.swift; sourceTree = "<group>"; };
		0F8060C428557C4900DA10CC /* HomeView.swift */ = {isa = PBXFileReference; fileEncoding = 4; lastKnownFileType = sourcecode.swift; path = HomeView.swift; sourceTree = "<group>"; };
		0F8060C628557C4900DA10CC /* GlobalHelpers.swift */ = {isa = PBXFileReference; fileEncoding = 4; lastKnownFileType = sourcecode.swift; path = GlobalHelpers.swift; sourceTree = "<group>"; };
		0F8060E228557E9300DA10CC /* Trailer.swift */ = {isa = PBXFileReference; lastKnownFileType = sourcecode.swift; path = Trailer.swift; sourceTree = "<group>"; };
		0F8060E528557EDB00DA10CC /* SwiftUIVideoView.swift */ = {isa = PBXFileReference; lastKnownFileType = sourcecode.swift; path = SwiftUIVideoView.swift; sourceTree = "<group>"; };
		0F8060E92855823A00DA10CC /* VideoPreviewImage.swift */ = {isa = PBXFileReference; lastKnownFileType = sourcecode.swift; path = VideoPreviewImage.swift; sourceTree = "<group>"; };
		0F8060EC285583EA00DA10CC /* TrailerList.swift */ = {isa = PBXFileReference; lastKnownFileType = sourcecode.swift; path = TrailerList.swift; sourceTree = "<group>"; };
		0F8060EF2855892D00DA10CC /* EpisodesView.swift */ = {isa = PBXFileReference; lastKnownFileType = sourcecode.swift; path = EpisodesView.swift; sourceTree = "<group>"; };
		0FA4598E28563853009B03C8 /* HomeStack.swift */ = {isa = PBXFileReference; lastKnownFileType = sourcecode.swift; path = HomeStack.swift; sourceTree = "<group>"; };
		0FA4599128564490009B03C8 /* SearchBar.swift */ = {isa = PBXFileReference; lastKnownFileType = sourcecode.swift; path = SearchBar.swift; sourceTree = "<group>"; };
		0FA45995285645E7009B03C8 /* Colors.swift */ = {isa = PBXFileReference; lastKnownFileType = sourcecode.swift; path = Colors.swift; sourceTree = "<group>"; };
		0FA4599828564985009B03C8 /* ActivityIndicator.swift */ = {isa = PBXFileReference; lastKnownFileType = sourcecode.swift; path = ActivityIndicator.swift; sourceTree = "<group>"; };
		0FA4599B28565BE3009B03C8 /* SearchView.swift */ = {isa = PBXFileReference; lastKnownFileType = sourcecode.swift; path = SearchView.swift; sourceTree = "<group>"; };
		0FA4599E28565C18009B03C8 /* SearchVM.swift */ = {isa = PBXFileReference; lastKnownFileType = sourcecode.swift; path = SearchVM.swift; sourceTree = "<group>"; };
		0FA459A128565E99009B03C8 /* GenerateMovies.swift */ = {isa = PBXFileReference; lastKnownFileType = sourcecode.swift; path = GenerateMovies.swift; sourceTree = "<group>"; };
		0FA459A4285663B0009B03C8 /* PopularMovieView.swift */ = {isa = PBXFileReference; lastKnownFileType = sourcecode.swift; path = PopularMovieView.swift; sourceTree = "<group>"; };
		0FA459A728566867009B03C8 /* SearchResultsGrid.swift */ = {isa = PBXFileReference; lastKnownFileType = sourcecode.swift; path = SearchResultsGrid.swift; sourceTree = "<group>"; };
		0FDDC82728566CB2003BBF06 /* ComingSoon.swift */ = {isa = PBXFileReference; lastKnownFileType = sourcecode.swift; path = ComingSoon.swift; sourceTree = "<group>"; };
		0FDDC82B28566CFE003BBF06 /* NotificationBar.swift */ = {isa = PBXFileReference; lastKnownFileType = sourcecode.swift; path = NotificationBar.swift; sourceTree = "<group>"; };
		0FDDC82E28566FD3003BBF06 /* ComingSoonRow.swift */ = {isa = PBXFileReference; lastKnownFileType = sourcecode.swift; path = ComingSoonRow.swift; sourceTree = "<group>"; };
		0FDDC831285672C1003BBF06 /* ComingSoonVM.swift */ = {isa = PBXFileReference; lastKnownFileType = sourcecode.swift; path = ComingSoonVM.swift; sourceTree = "<group>"; };
		0FDDC83428567392003BBF06 /* TrackableScrollView.swift */ = {isa = PBXFileReference; lastKnownFileType = sourcecode.swift; path = TrackableScrollView.swift; sourceTree = "<group>"; };
		0FDDC837285678DF003BBF06 /* DownloadsView.swift */ = {isa = PBXFileReference; lastKnownFileType = sourcecode.swift; path = DownloadsView.swift; sourceTree = "<group>"; };
		0FDDC83B28568047003BBF06 /* MoviePreviewCell.swift */ = {isa = PBXFileReference; lastKnownFileType = sourcecode.swift; path = MoviePreviewCell.swift; sourceTree = "<group>"; };
		0FDDC83F2856C7A2003BBF06 /* MoviePreviewRow.swift */ = {isa = PBXFileReference; lastKnownFileType = sourcecode.swift; path = MoviePreviewRow.swift; sourceTree = "<group>"; };
		0FDDC8422856CBD3003BBF06 /* PagerView.swift */ = {isa = PBXFileReference; lastKnownFileType = sourcecode.swift; path = PagerView.swift; sourceTree = "<group>"; };
		0FDDC8482856D4B9003BBF06 /* TrailerPlayerView.swift */ = {isa = PBXFileReference; lastKnownFileType = sourcecode.swift; path = TrailerPlayerView.swift; sourceTree = "<group>"; };
		0FDDC84B2856D609003BBF06 /* PreviewView.swift */ = {isa = PBXFileReference; lastKnownFileType = sourcecode.swift; path = PreviewView.swift; sourceTree = "<group>"; };
		0FDDC84E2856D636003BBF06 /* PreviewVM.swift */ = {isa = PBXFileReference; lastKnownFileType = sourcecode.swift; path = PreviewVM.swift; sourceTree = "<group>"; };
/* End PBXFileReference section */

/* Begin PBXFrameworksBuildPhase section */
		0F80607328557B4B00DA10CC /* Frameworks */ = {
			isa = PBXFrameworksBuildPhase;
			buildActionMask = 2147483647;
			files = (
				0F8060E128557CD400DA10CC /* Kingfisher in Frameworks */,
				0FDDC8472856D49A003BBF06 /* VideoPlayer in Frameworks */,
			);
			runOnlyForDeploymentPostprocessing = 0;
		};
		0F80607928557B4B00DA10CC /* Frameworks */ = {
			isa = PBXFrameworksBuildPhase;
			buildActionMask = 2147483647;
			files = (
			);
			runOnlyForDeploymentPostprocessing = 0;
		};
/* End PBXFrameworksBuildPhase section */

/* Begin PBXGroup section */
		0F80606928557B4A00DA10CC = {
			isa = PBXGroup;
			children = (
				0F80606E28557B4A00DA10CC /* Shared */,
				0F80607D28557B4B00DA10CC /* macOS */,
				0F80607728557B4B00DA10CC /* Products */,
			);
			sourceTree = "<group>";
		};
		0F80606E28557B4A00DA10CC /* Shared */ = {
			isa = PBXGroup;
			children = (
				0F80606F28557B4A00DA10CC /* NetflixCloneApp.swift */,
				0F80607028557B4A00DA10CC /* ContentView.swift */,
				0F8060C228557C4900DA10CC /* HomeViews */,
				0F8060B628557C4900DA10CC /* HelperViews */,
				0F8060BB28557C4900DA10CC /* Model */,
				0F8060E8285581CE00DA10CC /* VideoPlayer */,
				0F8060C528557C4900DA10CC /* Helpers */,
				0F8060BE28557C4900DA10CC /* MovieDetail */,
				0FA4599428564494009B03C8 /* Search */,
				0FDDC82A28566CE6003BBF06 /* Coming Soon */,
				0FDDC83A28567A9B003BBF06 /* Download */,
				0FDDC83E2856C778003BBF06 /* Preview */,
				0F80607128557B4B00DA10CC /* Assets.xcassets */,
			);
			path = Shared;
			sourceTree = "<group>";
		};
		0F80607728557B4B00DA10CC /* Products */ = {
			isa = PBXGroup;
			children = (
				0F80607628557B4B00DA10CC /* NetflixClone.app */,
				0F80607C28557B4B00DA10CC /* NetflixClone.app */,
			);
			name = Products;
			sourceTree = "<group>";
		};
		0F80607D28557B4B00DA10CC /* macOS */ = {
			isa = PBXGroup;
			children = (
				0F80607E28557B4B00DA10CC /* macOS.entitlements */,
			);
			path = macOS;
			sourceTree = "<group>";
		};
		0F8060B628557C4900DA10CC /* HelperViews */ = {
			isa = PBXGroup;
			children = (
				0F8060B728557C4900DA10CC /* TopMoviePreview.swift */,
				0F8060B828557C4900DA10CC /* PlayButton.swift */,
				0F8060B928557C4900DA10CC /* StandardHomeMovie.swift */,
				0F8060BA28557C4900DA10CC /* SmallVerticalButton.swift */,
			);
			path = HelperViews;
			sourceTree = "<group>";
		};
		0F8060BB28557C4900DA10CC /* Model */ = {
			isa = PBXGroup;
			children = (
				0F8060BC28557C4900DA10CC /* Movie.swift */,
				0F8060BD28557C4900DA10CC /* Episode.swift */,
				0F8060E228557E9300DA10CC /* Trailer.swift */,
			);
			path = Model;
			sourceTree = "<group>";
		};
		0F8060BE28557C4900DA10CC /* MovieDetail */ = {
			isa = PBXGroup;
			children = (
				0F8060C028557C4900DA10CC /* MovieDetail.swift */,
				0F8060C128557C4900DA10CC /* CustomTabSwitcher.swift */,
				0F8060BF28557C4900DA10CC /* MoreLikeThis.swift */,
				0F8060EC285583EA00DA10CC /* TrailerList.swift */,
				0F8060EF2855892D00DA10CC /* EpisodesView.swift */,
			);
			path = MovieDetail;
			sourceTree = "<group>";
		};
		0F8060C228557C4900DA10CC /* HomeViews */ = {
			isa = PBXGroup;
			children = (
				0F8060C428557C4900DA10CC /* HomeView.swift */,
				0FA4598E28563853009B03C8 /* HomeStack.swift */,
				0F8060C328557C4900DA10CC /* HomeVM.swift */,
			);
			path = HomeViews;
			sourceTree = "<group>";
		};
		0F8060C528557C4900DA10CC /* Helpers */ = {
			isa = PBXGroup;
			children = (
				0F8060C628557C4900DA10CC /* GlobalHelpers.swift */,
				0FA45995285645E7009B03C8 /* Colors.swift */,
				0FA4599828564985009B03C8 /* ActivityIndicator.swift */,
				0FA459A128565E99009B03C8 /* GenerateMovies.swift */,
			);
			path = Helpers;
			sourceTree = "<group>";
		};
		0F8060E8285581CE00DA10CC /* VideoPlayer */ = {
			isa = PBXGroup;
			children = (
				0F8060E528557EDB00DA10CC /* SwiftUIVideoView.swift */,
				0F8060E92855823A00DA10CC /* VideoPreviewImage.swift */,
			);
			path = VideoPlayer;
			sourceTree = "<group>";
		};
		0FA4599428564494009B03C8 /* Search */ = {
			isa = PBXGroup;
			children = (
				0FA4599128564490009B03C8 /* SearchBar.swift */,
				0FA4599B28565BE3009B03C8 /* SearchView.swift */,
				0FA459A4285663B0009B03C8 /* PopularMovieView.swift */,
				0FA4599E28565C18009B03C8 /* SearchVM.swift */,
				0FA459A728566867009B03C8 /* SearchResultsGrid.swift */,
			);
			path = Search;
			sourceTree = "<group>";
		};
		0FDDC82A28566CE6003BBF06 /* Coming Soon */ = {
			isa = PBXGroup;
			children = (
				0FDDC82728566CB2003BBF06 /* ComingSoon.swift */,
				0FDDC831285672C1003BBF06 /* ComingSoonVM.swift */,
				0FDDC82B28566CFE003BBF06 /* NotificationBar.swift */,
				0FDDC82E28566FD3003BBF06 /* ComingSoonRow.swift */,
				0FDDC83428567392003BBF06 /* TrackableScrollView.swift */,
			);
			path = "Coming Soon";
			sourceTree = "<group>";
		};
		0FDDC83A28567A9B003BBF06 /* Download */ = {
			isa = PBXGroup;
			children = (
				0FDDC837285678DF003BBF06 /* DownloadsView.swift */,
			);
			path = Download;
			sourceTree = "<group>";
		};
		0FDDC83E2856C778003BBF06 /* Preview */ = {
			isa = PBXGroup;
			children = (
				0FDDC83B28568047003BBF06 /* MoviePreviewCell.swift */,
				0FDDC83F2856C7A2003BBF06 /* MoviePreviewRow.swift */,
				0FDDC8422856CBD3003BBF06 /* PagerView.swift */,
				0FDDC8482856D4B9003BBF06 /* TrailerPlayerView.swift */,
				0FDDC84B2856D609003BBF06 /* PreviewView.swift */,
				0FDDC84E2856D636003BBF06 /* PreviewVM.swift */,
			);
			path = Preview;
			sourceTree = "<group>";
		};
/* End PBXGroup section */

/* Begin PBXNativeTarget section */
		0F80607528557B4B00DA10CC /* NetflixClone (iOS) */ = {
			isa = PBXNativeTarget;
			buildConfigurationList = 0F80608728557B4B00DA10CC /* Build configuration list for PBXNativeTarget "NetflixClone (iOS)" */;
			buildPhases = (
				0F80607228557B4B00DA10CC /* Sources */,
				0F80607328557B4B00DA10CC /* Frameworks */,
				0F80607428557B4B00DA10CC /* Resources */,
			);
			buildRules = (
			);
			dependencies = (
			);
			name = "NetflixClone (iOS)";
			packageProductDependencies = (
				0F8060E028557CD400DA10CC /* Kingfisher */,
				0FDDC8462856D49A003BBF06 /* VideoPlayer */,
			);
			productName = "NetflixClone (iOS)";
			productReference = 0F80607628557B4B00DA10CC /* NetflixClone.app */;
			productType = "com.apple.product-type.application";
		};
		0F80607B28557B4B00DA10CC /* NetflixClone (macOS) */ = {
			isa = PBXNativeTarget;
			buildConfigurationList = 0F80608A28557B4B00DA10CC /* Build configuration list for PBXNativeTarget "NetflixClone (macOS)" */;
			buildPhases = (
				0F80607828557B4B00DA10CC /* Sources */,
				0F80607928557B4B00DA10CC /* Frameworks */,
				0F80607A28557B4B00DA10CC /* Resources */,
			);
			buildRules = (
			);
			dependencies = (
			);
			name = "NetflixClone (macOS)";
			productName = "NetflixClone (macOS)";
			productReference = 0F80607C28557B4B00DA10CC /* NetflixClone.app */;
			productType = "com.apple.product-type.application";
		};
/* End PBXNativeTarget section */

/* Begin PBXProject section */
		0F80606A28557B4A00DA10CC /* Project object */ = {
			isa = PBXProject;
			attributes = {
				BuildIndependentTargetsInParallel = 1;
				LastSwiftUpdateCheck = 1340;
				LastUpgradeCheck = 1340;
				TargetAttributes = {
					0F80607528557B4B00DA10CC = {
						CreatedOnToolsVersion = 13.4.1;
					};
					0F80607B28557B4B00DA10CC = {
						CreatedOnToolsVersion = 13.4.1;
					};
				};
			};
			buildConfigurationList = 0F80606D28557B4A00DA10CC /* Build configuration list for PBXProject "NetflixClone" */;
			compatibilityVersion = "Xcode 13.0";
			developmentRegion = en;
			hasScannedForEncodings = 0;
			knownRegions = (
				en,
				Base,
			);
			mainGroup = 0F80606928557B4A00DA10CC;
			packageReferences = (
				0F8060DF28557CD400DA10CC /* XCRemoteSwiftPackageReference "Kingfisher" */,
				0FDDC8452856D49A003BBF06 /* XCRemoteSwiftPackageReference "VideoPlayer" */,
			);
			productRefGroup = 0F80607728557B4B00DA10CC /* Products */;
			projectDirPath = "";
			projectRoot = "";
			targets = (
				0F80607528557B4B00DA10CC /* NetflixClone (iOS) */,
				0F80607B28557B4B00DA10CC /* NetflixClone (macOS) */,
			);
		};
/* End PBXProject section */

/* Begin PBXResourcesBuildPhase section */
		0F80607428557B4B00DA10CC /* Resources */ = {
			isa = PBXResourcesBuildPhase;
			buildActionMask = 2147483647;
			files = (
				0F80608328557B4B00DA10CC /* Assets.xcassets in Resources */,
			);
			runOnlyForDeploymentPostprocessing = 0;
		};
		0F80607A28557B4B00DA10CC /* Resources */ = {
			isa = PBXResourcesBuildPhase;
			buildActionMask = 2147483647;
			files = (
				0F80608428557B4B00DA10CC /* Assets.xcassets in Resources */,
			);
			runOnlyForDeploymentPostprocessing = 0;
		};
/* End PBXResourcesBuildPhase section */

/* Begin PBXSourcesBuildPhase section */
		0F80607228557B4B00DA10CC /* Sources */ = {
			isa = PBXSourcesBuildPhase;
			buildActionMask = 2147483647;
			files = (
				0FA459A5285663B0009B03C8 /* PopularMovieView.swift in Sources */,
				0FDDC8432856CBD3003BBF06 /* PagerView.swift in Sources */,
				0F8060F02855892D00DA10CC /* EpisodesView.swift in Sources */,
				0FDDC838285678DF003BBF06 /* DownloadsView.swift in Sources */,
				0FA459A228565E99009B03C8 /* GenerateMovies.swift in Sources */,
				0FA4599F28565C18009B03C8 /* SearchVM.swift in Sources */,
				0FDDC82C28566CFE003BBF06 /* NotificationBar.swift in Sources */,
				0FDDC84F2856D636003BBF06 /* PreviewVM.swift in Sources */,
				0FA45996285645E7009B03C8 /* Colors.swift in Sources */,
				0FDDC83C28568047003BBF06 /* MoviePreviewCell.swift in Sources */,
				0F8060CF28557C4900DA10CC /* Movie.swift in Sources */,
				0FDDC82828566CB2003BBF06 /* ComingSoon.swift in Sources */,
				0FDDC8402856C7A2003BBF06 /* MoviePreviewRow.swift in Sources */,
				0F8060E328557E9300DA10CC /* Trailer.swift in Sources */,
				0FA4599C28565BE4009B03C8 /* SearchView.swift in Sources */,
				0FA459A828566867009B03C8 /* SearchResultsGrid.swift in Sources */,
				0F8060D728557C4900DA10CC /* CustomTabSwitcher.swift in Sources */,
				0FDDC83528567392003BBF06 /* TrackableScrollView.swift in Sources */,
				0FDDC832285672C1003BBF06 /* ComingSoonVM.swift in Sources */,
				0F8060DB28557C4900DA10CC /* HomeView.swift in Sources */,
				0F8060D128557C4900DA10CC /* Episode.swift in Sources */,
				0F8060EA2855823A00DA10CC /* VideoPreviewImage.swift in Sources */,
				0F8060D928557C4900DA10CC /* HomeVM.swift in Sources */,
				0F80608128557B4B00DA10CC /* ContentView.swift in Sources */,
				0F8060C928557C4900DA10CC /* PlayButton.swift in Sources */,
				0F8060CB28557C4900DA10CC /* StandardHomeMovie.swift in Sources */,
				0FA4599928564985009B03C8 /* ActivityIndicator.swift in Sources */,
				0FDDC84C2856D609003BBF06 /* PreviewView.swift in Sources */,
				0F8060DD28557C4900DA10CC /* GlobalHelpers.swift in Sources */,
				0F8060C728557C4900DA10CC /* TopMoviePreview.swift in Sources */,
				0FA4598F28563853009B03C8 /* HomeStack.swift in Sources */,
				0FA4599228564490009B03C8 /* SearchBar.swift in Sources */,
				0FDDC82F28566FD3003BBF06 /* ComingSoonRow.swift in Sources */,
				0F8060D328557C4900DA10CC /* MoreLikeThis.swift in Sources */,
				0F8060ED285583EA00DA10CC /* TrailerList.swift in Sources */,
				0F8060D528557C4900DA10CC /* MovieDetail.swift in Sources */,
				0F80607F28557B4B00DA10CC /* NetflixCloneApp.swift in Sources */,
				0F8060E628557EDB00DA10CC /* SwiftUIVideoView.swift in Sources */,
				0F8060CD28557C4900DA10CC /* SmallVerticalButton.swift in Sources */,
				0FDDC8492856D4B9003BBF06 /* TrailerPlayerView.swift in Sources */,
			);
			runOnlyForDeploymentPostprocessing = 0;
		};
		0F80607828557B4B00DA10CC /* Sources */ = {
			isa = PBXSourcesBuildPhase;
			buildActionMask = 2147483647;
			files = (
				0FA459A6285663B0009B03C8 /* PopularMovieView.swift in Sources */,
				0FDDC8442856CBD3003BBF06 /* PagerView.swift in Sources */,
				0F8060F12855892D00DA10CC /* EpisodesView.swift in Sources */,
				0FDDC839285678DF003BBF06 /* DownloadsView.swift in Sources */,
				0FA459A328565E99009B03C8 /* GenerateMovies.swift in Sources */,
				0FA459A028565C18009B03C8 /* SearchVM.swift in Sources */,
				0FDDC82D28566CFE003BBF06 /* NotificationBar.swift in Sources */,
				0FDDC8502856D636003BBF06 /* PreviewVM.swift in Sources */,
				0FA45997285645E7009B03C8 /* Colors.swift in Sources */,
				0FDDC83D28568047003BBF06 /* MoviePreviewCell.swift in Sources */,
				0F8060D028557C4900DA10CC /* Movie.swift in Sources */,
				0FDDC82928566CB2003BBF06 /* ComingSoon.swift in Sources */,
				0FDDC8412856C7A2003BBF06 /* MoviePreviewRow.swift in Sources */,
				0F8060E428557E9300DA10CC /* Trailer.swift in Sources */,
				0FA4599D28565BE4009B03C8 /* SearchView.swift in Sources */,
				0FA459A928566868009B03C8 /* SearchResultsGrid.swift in Sources */,
				0F8060D828557C4900DA10CC /* CustomTabSwitcher.swift in Sources */,
				0FDDC83628567392003BBF06 /* TrackableScrollView.swift in Sources */,
				0FDDC833285672C1003BBF06 /* ComingSoonVM.swift in Sources */,
				0F8060DC28557C4900DA10CC /* HomeView.swift in Sources */,
				0F8060D228557C4900DA10CC /* Episode.swift in Sources */,
				0F8060EB2855823A00DA10CC /* VideoPreviewImage.swift in Sources */,
				0F8060DA28557C4900DA10CC /* HomeVM.swift in Sources */,
				0F80608228557B4B00DA10CC /* ContentView.swift in Sources */,
				0F8060CA28557C4900DA10CC /* PlayButton.swift in Sources */,
				0F8060CC28557C4900DA10CC /* StandardHomeMovie.swift in Sources */,
				0FA4599A28564985009B03C8 /* ActivityIndicator.swift in Sources */,
				0FDDC84D2856D609003BBF06 /* PreviewView.swift in Sources */,
				0F8060DE28557C4900DA10CC /* GlobalHelpers.swift in Sources */,
				0F8060C828557C4900DA10CC /* TopMoviePreview.swift in Sources */,
				0FA4599028563853009B03C8 /* HomeStack.swift in Sources */,
				0FA4599328564490009B03C8 /* SearchBar.swift in Sources */,
				0FDDC83028566FD3003BBF06 /* ComingSoonRow.swift in Sources */,
				0F8060D428557C4900DA10CC /* MoreLikeThis.swift in Sources */,
				0F8060EE285583EA00DA10CC /* TrailerList.swift in Sources */,
				0F8060D628557C4900DA10CC /* MovieDetail.swift in Sources */,
				0F80608028557B4B00DA10CC /* NetflixCloneApp.swift in Sources */,
				0F8060E728557EDB00DA10CC /* SwiftUIVideoView.swift in Sources */,
				0F8060CE28557C4900DA10CC /* SmallVerticalButton.swift in Sources */,
				0FDDC84A2856D4B9003BBF06 /* TrailerPlayerView.swift in Sources */,
			);
			runOnlyForDeploymentPostprocessing = 0;
		};
/* End PBXSourcesBuildPhase section */

/* Begin XCBuildConfiguration section */
		0F80608528557B4B00DA10CC /* Debug */ = {
			isa = XCBuildConfiguration;
			buildSettings = {
				ALWAYS_SEARCH_USER_PATHS = NO;
				CLANG_ANALYZER_NONNULL = YES;
				CLANG_ANALYZER_NUMBER_OBJECT_CONVERSION = YES_AGGRESSIVE;
				CLANG_CXX_LANGUAGE_STANDARD = "gnu++17";
				CLANG_ENABLE_MODULES = YES;
				CLANG_ENABLE_OBJC_ARC = YES;
				CLANG_ENABLE_OBJC_WEAK = YES;
				CLANG_WARN_BLOCK_CAPTURE_AUTORELEASING = YES;
				CLANG_WARN_BOOL_CONVERSION = YES;
				CLANG_WARN_COMMA = YES;
				CLANG_WARN_CONSTANT_CONVERSION = YES;
				CLANG_WARN_DEPRECATED_OBJC_IMPLEMENTATIONS = YES;
				CLANG_WARN_DIRECT_OBJC_ISA_USAGE = YES_ERROR;
				CLANG_WARN_DOCUMENTATION_COMMENTS = YES;
				CLANG_WARN_EMPTY_BODY = YES;
				CLANG_WARN_ENUM_CONVERSION = YES;
				CLANG_WARN_INFINITE_RECURSION = YES;
				CLANG_WARN_INT_CONVERSION = YES;
				CLANG_WARN_NON_LITERAL_NULL_CONVERSION = YES;
				CLANG_WARN_OBJC_IMPLICIT_RETAIN_SELF = YES;
				CLANG_WARN_OBJC_LITERAL_CONVERSION = YES;
				CLANG_WARN_OBJC_ROOT_CLASS = YES_ERROR;
				CLANG_WARN_QUOTED_INCLUDE_IN_FRAMEWORK_HEADER = YES;
				CLANG_WARN_RANGE_LOOP_ANALYSIS = YES;
				CLANG_WARN_STRICT_PROTOTYPES = YES;
				CLANG_WARN_SUSPICIOUS_MOVE = YES;
				CLANG_WARN_UNGUARDED_AVAILABILITY = YES_AGGRESSIVE;
				CLANG_WARN_UNREACHABLE_CODE = YES;
				CLANG_WARN__DUPLICATE_METHOD_MATCH = YES;
				COPY_PHASE_STRIP = NO;
				DEBUG_INFORMATION_FORMAT = dwarf;
				ENABLE_STRICT_OBJC_MSGSEND = YES;
				ENABLE_TESTABILITY = YES;
				GCC_C_LANGUAGE_STANDARD = gnu11;
				GCC_DYNAMIC_NO_PIC = NO;
				GCC_NO_COMMON_BLOCKS = YES;
				GCC_OPTIMIZATION_LEVEL = 0;
				GCC_PREPROCESSOR_DEFINITIONS = (
					"DEBUG=1",
					"$(inherited)",
				);
				GCC_WARN_64_TO_32_BIT_CONVERSION = YES;
				GCC_WARN_ABOUT_RETURN_TYPE = YES_ERROR;
				GCC_WARN_UNDECLARED_SELECTOR = YES;
				GCC_WARN_UNINITIALIZED_AUTOS = YES_AGGRESSIVE;
				GCC_WARN_UNUSED_FUNCTION = YES;
				GCC_WARN_UNUSED_VARIABLE = YES;
				MTL_ENABLE_DEBUG_INFO = INCLUDE_SOURCE;
				MTL_FAST_MATH = YES;
				ONLY_ACTIVE_ARCH = YES;
				SWIFT_ACTIVE_COMPILATION_CONDITIONS = DEBUG;
				SWIFT_OPTIMIZATION_LEVEL = "-Onone";
			};
			name = Debug;
		};
		0F80608628557B4B00DA10CC /* Release */ = {
			isa = XCBuildConfiguration;
			buildSettings = {
				ALWAYS_SEARCH_USER_PATHS = NO;
				CLANG_ANALYZER_NONNULL = YES;
				CLANG_ANALYZER_NUMBER_OBJECT_CONVERSION = YES_AGGRESSIVE;
				CLANG_CXX_LANGUAGE_STANDARD = "gnu++17";
				CLANG_ENABLE_MODULES = YES;
				CLANG_ENABLE_OBJC_ARC = YES;
				CLANG_ENABLE_OBJC_WEAK = YES;
				CLANG_WARN_BLOCK_CAPTURE_AUTORELEASING = YES;
				CLANG_WARN_BOOL_CONVERSION = YES;
				CLANG_WARN_COMMA = YES;
				CLANG_WARN_CONSTANT_CONVERSION = YES;
				CLANG_WARN_DEPRECATED_OBJC_IMPLEMENTATIONS = YES;
				CLANG_WARN_DIRECT_OBJC_ISA_USAGE = YES_ERROR;
				CLANG_WARN_DOCUMENTATION_COMMENTS = YES;
				CLANG_WARN_EMPTY_BODY = YES;
				CLANG_WARN_ENUM_CONVERSION = YES;
				CLANG_WARN_INFINITE_RECURSION = YES;
				CLANG_WARN_INT_CONVERSION = YES;
				CLANG_WARN_NON_LITERAL_NULL_CONVERSION = YES;
				CLANG_WARN_OBJC_IMPLICIT_RETAIN_SELF = YES;
				CLANG_WARN_OBJC_LITERAL_CONVERSION = YES;
				CLANG_WARN_OBJC_ROOT_CLASS = YES_ERROR;
				CLANG_WARN_QUOTED_INCLUDE_IN_FRAMEWORK_HEADER = YES;
				CLANG_WARN_RANGE_LOOP_ANALYSIS = YES;
				CLANG_WARN_STRICT_PROTOTYPES = YES;
				CLANG_WARN_SUSPICIOUS_MOVE = YES;
				CLANG_WARN_UNGUARDED_AVAILABILITY = YES_AGGRESSIVE;
				CLANG_WARN_UNREACHABLE_CODE = YES;
				CLANG_WARN__DUPLICATE_METHOD_MATCH = YES;
				COPY_PHASE_STRIP = NO;
				DEBUG_INFORMATION_FORMAT = "dwarf-with-dsym";
				ENABLE_NS_ASSERTIONS = NO;
				ENABLE_STRICT_OBJC_MSGSEND = YES;
				GCC_C_LANGUAGE_STANDARD = gnu11;
				GCC_NO_COMMON_BLOCKS = YES;
				GCC_WARN_64_TO_32_BIT_CONVERSION = YES;
				GCC_WARN_ABOUT_RETURN_TYPE = YES_ERROR;
				GCC_WARN_UNDECLARED_SELECTOR = YES;
				GCC_WARN_UNINITIALIZED_AUTOS = YES_AGGRESSIVE;
				GCC_WARN_UNUSED_FUNCTION = YES;
				GCC_WARN_UNUSED_VARIABLE = YES;
				MTL_ENABLE_DEBUG_INFO = NO;
				MTL_FAST_MATH = YES;
				SWIFT_COMPILATION_MODE = wholemodule;
				SWIFT_OPTIMIZATION_LEVEL = "-O";
			};
			name = Release;
		};
		0F80608828557B4B00DA10CC /* Debug */ = {
			isa = XCBuildConfiguration;
			buildSettings = {
				ASSETCATALOG_COMPILER_APPICON_NAME = AppIcon;
				ASSETCATALOG_COMPILER_GLOBAL_ACCENT_COLOR_NAME = AccentColor;
				CODE_SIGN_STYLE = Automatic;
				CURRENT_PROJECT_VERSION = 1;
				DEVELOPMENT_TEAM = 9DP698PQ5X;
				ENABLE_PREVIEWS = YES;
				GENERATE_INFOPLIST_FILE = YES;
				INFOPLIST_KEY_UIApplicationSceneManifest_Generation = YES;
				INFOPLIST_KEY_UIApplicationSupportsIndirectInputEvents = YES;
				INFOPLIST_KEY_UILaunchScreen_Generation = YES;
				INFOPLIST_KEY_UISupportedInterfaceOrientations_iPad = "UIInterfaceOrientationPortrait UIInterfaceOrientationPortraitUpsideDown UIInterfaceOrientationLandscapeLeft UIInterfaceOrientationLandscapeRight";
				INFOPLIST_KEY_UISupportedInterfaceOrientations_iPhone = "UIInterfaceOrientationPortrait UIInterfaceOrientationLandscapeLeft UIInterfaceOrientationLandscapeRight";
				IPHONEOS_DEPLOYMENT_TARGET = 15.5;
				LD_RUNPATH_SEARCH_PATHS = (
					"$(inherited)",
					"@executable_path/Frameworks",
				);
				MARKETING_VERSION = 1.0;
				PRODUCT_BUNDLE_IDENTIFIER = com.brianjcoleman.NetflixClone;
				PRODUCT_NAME = NetflixClone;
				SDKROOT = iphoneos;
				SWIFT_EMIT_LOC_STRINGS = YES;
				SWIFT_VERSION = 5.0;
				TARGETED_DEVICE_FAMILY = "1,2";
			};
			name = Debug;
		};
		0F80608928557B4B00DA10CC /* Release */ = {
			isa = XCBuildConfiguration;
			buildSettings = {
				ASSETCATALOG_COMPILER_APPICON_NAME = AppIcon;
				ASSETCATALOG_COMPILER_GLOBAL_ACCENT_COLOR_NAME = AccentColor;
				CODE_SIGN_STYLE = Automatic;
				CURRENT_PROJECT_VERSION = 1;
				DEVELOPMENT_TEAM = 9DP698PQ5X;
				ENABLE_PREVIEWS = YES;
				GENERATE_INFOPLIST_FILE = YES;
				INFOPLIST_KEY_UIApplicationSceneManifest_Generation = YES;
				INFOPLIST_KEY_UIApplicationSupportsIndirectInputEvents = YES;
				INFOPLIST_KEY_UILaunchScreen_Generation = YES;
				INFOPLIST_KEY_UISupportedInterfaceOrientations_iPad = "UIInterfaceOrientationPortrait UIInterfaceOrientationPortraitUpsideDown UIInterfaceOrientationLandscapeLeft UIInterfaceOrientationLandscapeRight";
				INFOPLIST_KEY_UISupportedInterfaceOrientations_iPhone = "UIInterfaceOrientationPortrait UIInterfaceOrientationLandscapeLeft UIInterfaceOrientationLandscapeRight";
				IPHONEOS_DEPLOYMENT_TARGET = 15.5;
				LD_RUNPATH_SEARCH_PATHS = (
					"$(inherited)",
					"@executable_path/Frameworks",
				);
				MARKETING_VERSION = 1.0;
				PRODUCT_BUNDLE_IDENTIFIER = com.brianjcoleman.NetflixClone;
				PRODUCT_NAME = NetflixClone;
				SDKROOT = iphoneos;
				SWIFT_EMIT_LOC_STRINGS = YES;
				SWIFT_VERSION = 5.0;
				TARGETED_DEVICE_FAMILY = "1,2";
				VALIDATE_PRODUCT = YES;
			};
			name = Release;
		};
		0F80608B28557B4B00DA10CC /* Debug */ = {
			isa = XCBuildConfiguration;
			buildSettings = {
				ASSETCATALOG_COMPILER_APPICON_NAME = AppIcon;
				ASSETCATALOG_COMPILER_GLOBAL_ACCENT_COLOR_NAME = AccentColor;
				CODE_SIGN_ENTITLEMENTS = macOS/macOS.entitlements;
				CODE_SIGN_STYLE = Automatic;
				COMBINE_HIDPI_IMAGES = YES;
				CURRENT_PROJECT_VERSION = 1;
				DEVELOPMENT_TEAM = 9DP698PQ5X;
				ENABLE_HARDENED_RUNTIME = YES;
				ENABLE_PREVIEWS = YES;
				GENERATE_INFOPLIST_FILE = YES;
				INFOPLIST_KEY_NSHumanReadableCopyright = "";
				LD_RUNPATH_SEARCH_PATHS = (
					"$(inherited)",
					"@executable_path/../Frameworks",
				);
				MACOSX_DEPLOYMENT_TARGET = 12.3;
				MARKETING_VERSION = 1.0;
				PRODUCT_BUNDLE_IDENTIFIER = com.brianjcoleman.NetflixClone;
				PRODUCT_NAME = NetflixClone;
				SDKROOT = macosx;
				SWIFT_EMIT_LOC_STRINGS = YES;
				SWIFT_VERSION = 5.0;
			};
			name = Debug;
		};
		0F80608C28557B4B00DA10CC /* Release */ = {
			isa = XCBuildConfiguration;
			buildSettings = {
				ASSETCATALOG_COMPILER_APPICON_NAME = AppIcon;
				ASSETCATALOG_COMPILER_GLOBAL_ACCENT_COLOR_NAME = AccentColor;
				CODE_SIGN_ENTITLEMENTS = macOS/macOS.entitlements;
				CODE_SIGN_STYLE = Automatic;
				COMBINE_HIDPI_IMAGES = YES;
				CURRENT_PROJECT_VERSION = 1;
				DEVELOPMENT_TEAM = 9DP698PQ5X;
				ENABLE_HARDENED_RUNTIME = YES;
				ENABLE_PREVIEWS = YES;
				GENERATE_INFOPLIST_FILE = YES;
				INFOPLIST_KEY_NSHumanReadableCopyright = "";
				LD_RUNPATH_SEARCH_PATHS = (
					"$(inherited)",
					"@executable_path/../Frameworks",
				);
				MACOSX_DEPLOYMENT_TARGET = 12.3;
				MARKETING_VERSION = 1.0;
				PRODUCT_BUNDLE_IDENTIFIER = com.brianjcoleman.NetflixClone;
				PRODUCT_NAME = NetflixClone;
				SDKROOT = macosx;
				SWIFT_EMIT_LOC_STRINGS = YES;
				SWIFT_VERSION = 5.0;
			};
			name = Release;
		};
/* End XCBuildConfiguration section */

/* Begin XCConfigurationList section */
		0F80606D28557B4A00DA10CC /* Build configuration list for PBXProject "NetflixClone" */ = {
			isa = XCConfigurationList;
			buildConfigurations = (
				0F80608528557B4B00DA10CC /* Debug */,
				0F80608628557B4B00DA10CC /* Release */,
			);
			defaultConfigurationIsVisible = 0;
			defaultConfigurationName = Release;
		};
		0F80608728557B4B00DA10CC /* Build configuration list for PBXNativeTarget "NetflixClone (iOS)" */ = {
			isa = XCConfigurationList;
			buildConfigurations = (
				0F80608828557B4B00DA10CC /* Debug */,
				0F80608928557B4B00DA10CC /* Release */,
			);
			defaultConfigurationIsVisible = 0;
			defaultConfigurationName = Release;
		};
		0F80608A28557B4B00DA10CC /* Build configuration list for PBXNativeTarget "NetflixClone (macOS)" */ = {
			isa = XCConfigurationList;
			buildConfigurations = (
				0F80608B28557B4B00DA10CC /* Debug */,
				0F80608C28557B4B00DA10CC /* Release */,
			);
			defaultConfigurationIsVisible = 0;
			defaultConfigurationName = Release;
		};
/* End XCConfigurationList section */

/* Begin XCRemoteSwiftPackageReference section */
		0F8060DF28557CD400DA10CC /* XCRemoteSwiftPackageReference "Kingfisher" */ = {
			isa = XCRemoteSwiftPackageReference;
			repositoryURL = "https://github.com/onevcat/Kingfisher";
			requirement = {
				branch = master;
				kind = branch;
			};
		};
		0FDDC8452856D49A003BBF06 /* XCRemoteSwiftPackageReference "VideoPlayer" */ = {
			isa = XCRemoteSwiftPackageReference;
			repositoryURL = "https://github.com/wxxsw/VideoPlayer";
			requirement = {
				kind = exactVersion;
				version = 1.1.6;
			};
		};
/* End XCRemoteSwiftPackageReference section */

/* Begin XCSwiftPackageProductDependency section */
		0F8060E028557CD400DA10CC /* Kingfisher */ = {
			isa = XCSwiftPackageProductDependency;
			package = 0F8060DF28557CD400DA10CC /* XCRemoteSwiftPackageReference "Kingfisher" */;
			productName = Kingfisher;
		};
		0FDDC8462856D49A003BBF06 /* VideoPlayer */ = {
			isa = XCSwiftPackageProductDependency;
			package = 0FDDC8452856D49A003BBF06 /* XCRemoteSwiftPackageReference "VideoPlayer" */;
			productName = VideoPlayer;
		};
/* End XCSwiftPackageProductDependency section */
	};
	rootObject = 0F80606A28557B4A00DA10CC /* Project object */;
}
